// !$*UTF8*$!
{
	archiveVersion = 1;
	classes = {
	};
	objectVersion = 77;
	objects = {

/* Begin PBXContainerItemProxy section */
		070C7BE22DE1EBD300187B10 /* PBXContainerItemProxy */ = {
			isa = PBXContainerItemProxy;
			containerPortal = 070C7BCC2DE1EBD100187B10 /* Project object */;
			proxyType = 1;
			remoteGlobalIDString = 070C7BD32DE1EBD100187B10;
			remoteInfo = uiTestify;
		};
		070C7BEC2DE1EBD300187B10 /* PBXContainerItemProxy */ = {
			isa = PBXContainerItemProxy;
			containerPortal = 070C7BCC2DE1EBD100187B10 /* Project object */;
			proxyType = 1;
			remoteGlobalIDString = 070C7BD32DE1EBD100187B10;
			remoteInfo = uiTestify;
		};
/* End PBXContainerItemProxy section */

/* Begin PBXFileReference section */
		070C7BD42DE1EBD100187B10 /* uiTestify.app */ = {isa = PBXFileReference; explicitFileType = wrapper.application; includeInIndex = 0; path = uiTestify.app; sourceTree = BUILT_PRODUCTS_DIR; };
		070C7BE12DE1EBD300187B10 /* uiTestifyTests.xctest */ = {isa = PBXFileReference; explicitFileType = wrapper.cfbundle; includeInIndex = 0; path = uiTestifyTests.xctest; sourceTree = BUILT_PRODUCTS_DIR; };
		070C7BEB2DE1EBD300187B10 /* uiTestifyUITests.xctest */ = {isa = PBXFileReference; explicitFileType = wrapper.cfbundle; includeInIndex = 0; path = uiTestifyUITests.xctest; sourceTree = BUILT_PRODUCTS_DIR; };
/* End PBXFileReference section */

/* Begin PBXFileSystemSynchronizedRootGroup section */
		070C7BD62DE1EBD100187B10 /* uiTestify */ = {
			isa = PBXFileSystemSynchronizedRootGroup;
			path = uiTestify;
			sourceTree = "<group>";
		};
		070C7BE42DE1EBD300187B10 /* uiTestifyTests */ = {
			isa = PBXFileSystemSynchronizedRootGroup;
			path = uiTestifyTests;
			sourceTree = "<group>";
		};
		070C7BEE2DE1EBD300187B10 /* uiTestifyUITests */ = {
			isa = PBXFileSystemSynchronizedRootGroup;
			path = uiTestifyUITests;
			sourceTree = "<group>";
		};
/* End PBXFileSystemSynchronizedRootGroup section */

/* Begin PBXFrameworksBuildPhase section */
		070C7BD12DE1EBD100187B10 /* Frameworks */ = {
			isa = PBXFrameworksBuildPhase;
			buildActionMask = 2147483647;
			files = (
			);
			runOnlyForDeploymentPostprocessing = 0;
		};
		070C7BDE2DE1EBD300187B10 /* Frameworks */ = {
			isa = PBXFrameworksBuildPhase;
			buildActionMask = 2147483647;
			files = (
			);
			runOnlyForDeploymentPostprocessing = 0;
		};
		070C7BE82DE1EBD300187B10 /* Frameworks */ = {
			isa = PBXFrameworksBuildPhase;
			buildActionMask = 2147483647;
			files = (
			);
			runOnlyForDeploymentPostprocessing = 0;
		};
/* End PBXFrameworksBuildPhase section */

/* Begin PBXGroup section */
		070C7BCB2DE1EBD100187B10 = {
			isa = PBXGroup;
			children = (
				070C7BD62DE1EBD100187B10 /* uiTestify */,
				070C7BE42DE1EBD300187B10 /* uiTestifyTests */,
				070C7BEE2DE1EBD300187B10 /* uiTestifyUITests */,
				070C7BD52DE1EBD100187B10 /* Products */,
			);
			sourceTree = "<group>";
		};
		070C7BD52DE1EBD100187B10 /* Products */ = {
			isa = PBXGroup;
			children = (
				070C7BD42DE1EBD100187B10 /* uiTestify.app */,
				070C7BE12DE1EBD300187B10 /* uiTestifyTests.xctest */,
				070C7BEB2DE1EBD300187B10 /* uiTestifyUITests.xctest */,
			);
			name = Products;
			sourceTree = "<group>";
		};
/* End PBXGroup section */

/* Begin PBXNativeTarget section */
		070C7BD32DE1EBD100187B10 /* uiTestify */ = {
			isa = PBXNativeTarget;
			buildConfigurationList = 070C7BF52DE1EBD300187B10 /* Build configuration list for PBXNativeTarget "uiTestify" */;
			buildPhases = (
				070C7BD02DE1EBD100187B10 /* Sources */,
				070C7BD12DE1EBD100187B10 /* Frameworks */,
				070C7BD22DE1EBD100187B10 /* Resources */,
			);
			buildRules = (
			);
			dependencies = (
			);
			fileSystemSynchronizedGroups = (
				070C7BD62DE1EBD100187B10 /* uiTestify */,
			);
			name = uiTestify;
			packageProductDependencies = (
			);
			productName = uiTestify;
			productReference = 070C7BD42DE1EBD100187B10 /* uiTestify.app */;
			productType = "com.apple.product-type.application";
		};
		070C7BE02DE1EBD300187B10 /* uiTestifyTests */ = {
			isa = PBXNativeTarget;
			buildConfigurationList = 070C7BF82DE1EBD300187B10 /* Build configuration list for PBXNativeTarget "uiTestifyTests" */;
			buildPhases = (
				070C7BDD2DE1EBD300187B10 /* Sources */,
				070C7BDE2DE1EBD300187B10 /* Frameworks */,
				070C7BDF2DE1EBD300187B10 /* Resources */,
			);
			buildRules = (
			);
			dependencies = (
				070C7BE32DE1EBD300187B10 /* PBXTargetDependency */,
			);
			fileSystemSynchronizedGroups = (
				070C7BE42DE1EBD300187B10 /* uiTestifyTests */,
			);
			name = uiTestifyTests;
			packageProductDependencies = (
			);
			productName = uiTestifyTests;
			productReference = 070C7BE12DE1EBD300187B10 /* uiTestifyTests.xctest */;
			productType = "com.apple.product-type.bundle.unit-test";
		};
		070C7BEA2DE1EBD300187B10 /* uiTestifyUITests */ = {
			isa = PBXNativeTarget;
			buildConfigurationList = 070C7BFB2DE1EBD300187B10 /* Build configuration list for PBXNativeTarget "uiTestifyUITests" */;
			buildPhases = (
				070C7BE72DE1EBD300187B10 /* Sources */,
				070C7BE82DE1EBD300187B10 /* Frameworks */,
				070C7BE92DE1EBD300187B10 /* Resources */,
			);
			buildRules = (
			);
			dependencies = (
				070C7BED2DE1EBD300187B10 /* PBXTargetDependency */,
			);
			fileSystemSynchronizedGroups = (
				070C7BEE2DE1EBD300187B10 /* uiTestifyUITests */,
			);
			name = uiTestifyUITests;
			packageProductDependencies = (
			);
			productName = uiTestifyUITests;
			productReference = 070C7BEB2DE1EBD300187B10 /* uiTestifyUITests.xctest */;
			productType = "com.apple.product-type.bundle.ui-testing";
		};
/* End PBXNativeTarget section */

/* Begin PBXProject section */
		070C7BCC2DE1EBD100187B10 /* Project object */ = {
			isa = PBXProject;
			attributes = {
				BuildIndependentTargetsInParallel = 1;
				LastSwiftUpdateCheck = 1630;
				LastUpgradeCheck = 1630;
				TargetAttributes = {
					070C7BD32DE1EBD100187B10 = {
						CreatedOnToolsVersion = 16.3;
					};
					070C7BE02DE1EBD300187B10 = {
						CreatedOnToolsVersion = 16.3;
						TestTargetID = 070C7BD32DE1EBD100187B10;
					};
					070C7BEA2DE1EBD300187B10 = {
						CreatedOnToolsVersion = 16.3;
						LastSwiftMigration = 2620;
						TestTargetID = 070C7BD32DE1EBD100187B10;
					};
				};
			};
			buildConfigurationList = 070C7BCF2DE1EBD100187B10 /* Build configuration list for PBXProject "uiTestify" */;
			developmentRegion = en;
			hasScannedForEncodings = 0;
			knownRegions = (
				en,
				Base,
			);
			mainGroup = 070C7BCB2DE1EBD100187B10;
			minimizedProjectReferenceProxies = 1;
			preferredProjectObjectVersion = 77;
			productRefGroup = 070C7BD52DE1EBD100187B10 /* Products */;
			projectDirPath = "";
			projectRoot = "";
			targets = (
				070C7BD32DE1EBD100187B10 /* uiTestify */,
				070C7BE02DE1EBD300187B10 /* uiTestifyTests */,
				070C7BEA2DE1EBD300187B10 /* uiTestifyUITests */,
			);
		};
/* End PBXProject section */

/* Begin PBXResourcesBuildPhase section */
		070C7BD22DE1EBD100187B10 /* Resources */ = {
			isa = PBXResourcesBuildPhase;
			buildActionMask = 2147483647;
			files = (
			);
			runOnlyForDeploymentPostprocessing = 0;
		};
		070C7BDF2DE1EBD300187B10 /* Resources */ = {
			isa = PBXResourcesBuildPhase;
			buildActionMask = 2147483647;
			files = (
			);
			runOnlyForDeploymentPostprocessing = 0;
		};
		070C7BE92DE1EBD300187B10 /* Resources */ = {
			isa = PBXResourcesBuildPhase;
			buildActionMask = 2147483647;
			files = (
			);
			runOnlyForDeploymentPostprocessing = 0;
		};
/* End PBXResourcesBuildPhase section */

/* Begin PBXSourcesBuildPhase section */
		070C7BD02DE1EBD100187B10 /* Sources */ = {
			isa = PBXSourcesBuildPhase;
			buildActionMask = 2147483647;
			files = (
			);
			runOnlyForDeploymentPostprocessing = 0;
		};
		070C7BDD2DE1EBD300187B10 /* Sources */ = {
			isa = PBXSourcesBuildPhase;
			buildActionMask = 2147483647;
			files = (
			);
			runOnlyForDeploymentPostprocessing = 0;
		};
		070C7BE72DE1EBD300187B10 /* Sources */ = {
			isa = PBXSourcesBuildPhase;
			buildActionMask = 2147483647;
			files = (
			);
			runOnlyForDeploymentPostprocessing = 0;
		};
/* End PBXSourcesBuildPhase section */

/* Begin PBXTargetDependency section */
		070C7BE32DE1EBD300187B10 /* PBXTargetDependency */ = {
			isa = PBXTargetDependency;
			target = 070C7BD32DE1EBD100187B10 /* uiTestify */;
			targetProxy = 070C7BE22DE1EBD300187B10 /* PBXContainerItemProxy */;
		};
		070C7BED2DE1EBD300187B10 /* PBXTargetDependency */ = {
			isa = PBXTargetDependency;
			target = 070C7BD32DE1EBD100187B10 /* uiTestify */;
			targetProxy = 070C7BEC2DE1EBD300187B10 /* PBXContainerItemProxy */;
		};
/* End PBXTargetDependency section */

/* Begin XCBuildConfiguration section */
		070C7BF32DE1EBD300187B10 /* Debug */ = {
			isa = XCBuildConfiguration;
			buildSettings = {
				ALWAYS_SEARCH_USER_PATHS = NO;
				ASSETCATALOG_COMPILER_GENERATE_SWIFT_ASSET_SYMBOL_EXTENSIONS = YES;
				CLANG_ANALYZER_NONNULL = YES;
				CLANG_ANALYZER_NUMBER_OBJECT_CONVERSION = YES_AGGRESSIVE;
				CLANG_CXX_LANGUAGE_STANDARD = "gnu++20";
				CLANG_ENABLE_MODULES = YES;
				CLANG_ENABLE_OBJC_ARC = YES;
				CLANG_ENABLE_OBJC_WEAK = YES;
				CLANG_WARN_BLOCK_CAPTURE_AUTORELEASING = YES;
				CLANG_WARN_BOOL_CONVERSION = YES;
				CLANG_WARN_COMMA = YES;
				CLANG_WARN_CONSTANT_CONVERSION = YES;
				CLANG_WARN_DEPRECATED_OBJC_IMPLEMENTATIONS = YES;
				CLANG_WARN_DIRECT_OBJC_ISA_USAGE = YES_ERROR;
				CLANG_WARN_DOCUMENTATION_COMMENTS = YES;
				CLANG_WARN_EMPTY_BODY = YES;
				CLANG_WARN_ENUM_CONVERSION = YES;
				CLANG_WARN_INFINITE_RECURSION = YES;
				CLANG_WARN_INT_CONVERSION = YES;
				CLANG_WARN_NON_LITERAL_NULL_CONVERSION = YES;
				CLANG_WARN_OBJC_IMPLICIT_RETAIN_SELF = YES;
				CLANG_WARN_OBJC_LITERAL_CONVERSION = YES;
				CLANG_WARN_OBJC_ROOT_CLASS = YES_ERROR;
				CLANG_WARN_QUOTED_INCLUDE_IN_FRAMEWORK_HEADER = YES;
				CLANG_WARN_RANGE_LOOP_ANALYSIS = YES;
				CLANG_WARN_STRICT_PROTOTYPES = YES;
				CLANG_WARN_SUSPICIOUS_MOVE = YES;
				CLANG_WARN_UNGUARDED_AVAILABILITY = YES_AGGRESSIVE;
				CLANG_WARN_UNREACHABLE_CODE = YES;
				CLANG_WARN__DUPLICATE_METHOD_MATCH = YES;
				COPY_PHASE_STRIP = NO;
				DEBUG_INFORMATION_FORMAT = dwarf;
				DEVELOPMENT_TEAM = 6YK335L86V;
				ENABLE_STRICT_OBJC_MSGSEND = YES;
				ENABLE_TESTABILITY = YES;
				ENABLE_USER_SCRIPT_SANDBOXING = YES;
				GCC_C_LANGUAGE_STANDARD = gnu17;
				GCC_DYNAMIC_NO_PIC = NO;
				GCC_NO_COMMON_BLOCKS = YES;
				GCC_OPTIMIZATION_LEVEL = 0;
				GCC_PREPROCESSOR_DEFINITIONS = (
					"DEBUG=1",
					"$(inherited)",
				);
				GCC_WARN_64_TO_32_BIT_CONVERSION = YES;
				GCC_WARN_ABOUT_RETURN_TYPE = YES_ERROR;
				GCC_WARN_UNDECLARED_SELECTOR = YES;
				GCC_WARN_UNINITIALIZED_AUTOS = YES_AGGRESSIVE;
				GCC_WARN_UNUSED_FUNCTION = YES;
				GCC_WARN_UNUSED_VARIABLE = YES;
				IPHONEOS_DEPLOYMENT_TARGET = 18.4;
				LOCALIZATION_PREFERS_STRING_CATALOGS = YES;
				MTL_ENABLE_DEBUG_INFO = INCLUDE_SOURCE;
				MTL_FAST_MATH = YES;
				ONLY_ACTIVE_ARCH = YES;
				SDKROOT = iphoneos;
				SWIFT_ACTIVE_COMPILATION_CONDITIONS = "DEBUG $(inherited)";
				SWIFT_OPTIMIZATION_LEVEL = "-Onone";
			};
			name = Debug;
		};
		070C7BF42DE1EBD300187B10 /* Release */ = {
			isa = XCBuildConfiguration;
			buildSettings = {
				ALWAYS_SEARCH_USER_PATHS = NO;
				ASSETCATALOG_COMPILER_GENERATE_SWIFT_ASSET_SYMBOL_EXTENSIONS = YES;
				CLANG_ANALYZER_NONNULL = YES;
				CLANG_ANALYZER_NUMBER_OBJECT_CONVERSION = YES_AGGRESSIVE;
				CLANG_CXX_LANGUAGE_STANDARD = "gnu++20";
				CLANG_ENABLE_MODULES = YES;
				CLANG_ENABLE_OBJC_ARC = YES;
				CLANG_ENABLE_OBJC_WEAK = YES;
				CLANG_WARN_BLOCK_CAPTURE_AUTORELEASING = YES;
				CLANG_WARN_BOOL_CONVERSION = YES;
				CLANG_WARN_COMMA = YES;
				CLANG_WARN_CONSTANT_CONVERSION = YES;
				CLANG_WARN_DEPRECATED_OBJC_IMPLEMENTATIONS = YES;
				CLANG_WARN_DIRECT_OBJC_ISA_USAGE = YES_ERROR;
				CLANG_WARN_DOCUMENTATION_COMMENTS = YES;
				CLANG_WARN_EMPTY_BODY = YES;
				CLANG_WARN_ENUM_CONVERSION = YES;
				CLANG_WARN_INFINITE_RECURSION = YES;
				CLANG_WARN_INT_CONVERSION = YES;
				CLANG_WARN_NON_LITERAL_NULL_CONVERSION = YES;
				CLANG_WARN_OBJC_IMPLICIT_RETAIN_SELF = YES;
				CLANG_WARN_OBJC_LITERAL_CONVERSION = YES;
				CLANG_WARN_OBJC_ROOT_CLASS = YES_ERROR;
				CLANG_WARN_QUOTED_INCLUDE_IN_FRAMEWORK_HEADER = YES;
				CLANG_WARN_RANGE_LOOP_ANALYSIS = YES;
				CLANG_WARN_STRICT_PROTOTYPES = YES;
				CLANG_WARN_SUSPICIOUS_MOVE = YES;
				CLANG_WARN_UNGUARDED_AVAILABILITY = YES_AGGRESSIVE;
				CLANG_WARN_UNREACHABLE_CODE = YES;
				CLANG_WARN__DUPLICATE_METHOD_MATCH = YES;
				COPY_PHASE_STRIP = NO;
				DEBUG_INFORMATION_FORMAT = "dwarf-with-dsym";
				DEVELOPMENT_TEAM = 6YK335L86V;
				ENABLE_NS_ASSERTIONS = NO;
				ENABLE_STRICT_OBJC_MSGSEND = YES;
				ENABLE_USER_SCRIPT_SANDBOXING = YES;
				GCC_C_LANGUAGE_STANDARD = gnu17;
				GCC_NO_COMMON_BLOCKS = YES;
				GCC_WARN_64_TO_32_BIT_CONVERSION = YES;
				GCC_WARN_ABOUT_RETURN_TYPE = YES_ERROR;
				GCC_WARN_UNDECLARED_SELECTOR = YES;
				GCC_WARN_UNINITIALIZED_AUTOS = YES_AGGRESSIVE;
				GCC_WARN_UNUSED_FUNCTION = YES;
				GCC_WARN_UNUSED_VARIABLE = YES;
				IPHONEOS_DEPLOYMENT_TARGET = 18.4;
				LOCALIZATION_PREFERS_STRING_CATALOGS = YES;
				MTL_ENABLE_DEBUG_INFO = NO;
				MTL_FAST_MATH = YES;
				SDKROOT = iphoneos;
				SWIFT_COMPILATION_MODE = wholemodule;
				VALIDATE_PRODUCT = YES;
			};
			name = Release;
		};
		070C7BF62DE1EBD300187B10 /* Debug */ = {
			isa = XCBuildConfiguration;
			buildSettings = {
				ASSETCATALOG_COMPILER_APPICON_NAME = AppIcon;
				ASSETCATALOG_COMPILER_GLOBAL_ACCENT_COLOR_NAME = AccentColor;
				ASSETCATALOG_COMPILER_INCLUDE_ALL_APPICON_ASSETS = YES;
				CODE_SIGN_STYLE = Automatic;
				CURRENT_PROJECT_VERSION = 1;
				DEVELOPMENT_TEAM = 6YK335L86V;
				ENABLE_PREVIEWS = YES;
				GENERATE_INFOPLIST_FILE = YES;
				INFOPLIST_KEY_UIApplicationSceneManifest_Generation = YES;
				INFOPLIST_KEY_UIApplicationSupportsIndirectInputEvents = YES;
				INFOPLIST_KEY_UILaunchScreen_Generation = YES;
				INFOPLIST_KEY_UILaunchStoryboardName = AppIcon;
				INFOPLIST_KEY_UISupportedInterfaceOrientations = UIInterfaceOrientationPortrait;
				LD_RUNPATH_SEARCH_PATHS = (
					"$(inherited)",
					"@executable_path/Frameworks",
				);
				MARKETING_VERSION = 1.0;
				PRODUCT_BUNDLE_IDENTIFIER = a4aman.uiTestify;
				PRODUCT_NAME = "$(TARGET_NAME)";
				SWIFT_EMIT_LOC_STRINGS = YES;
				SWIFT_VERSION = 5.0;
				TARGETED_DEVICE_FAMILY = "1,2";
			};
			name = Debug;
		};
		070C7BF72DE1EBD300187B10 /* Release */ = {
			isa = XCBuildConfiguration;
			buildSettings = {
				ASSETCATALOG_COMPILER_APPICON_NAME = AppIcon;
				ASSETCATALOG_COMPILER_GLOBAL_ACCENT_COLOR_NAME = AccentColor;
				ASSETCATALOG_COMPILER_INCLUDE_ALL_APPICON_ASSETS = YES;
				CODE_SIGN_STYLE = Automatic;
				CURRENT_PROJECT_VERSION = 1;
				DEVELOPMENT_TEAM = 6YK335L86V;
				ENABLE_PREVIEWS = YES;
				GENERATE_INFOPLIST_FILE = YES;
				INFOPLIST_KEY_UIApplicationSceneManifest_Generation = YES;
				INFOPLIST_KEY_UIApplicationSupportsIndirectInputEvents = YES;
				INFOPLIST_KEY_UILaunchScreen_Generation = YES;
				INFOPLIST_KEY_UILaunchStoryboardName = AppIcon;
				INFOPLIST_KEY_UISupportedInterfaceOrientations = UIInterfaceOrientationPortrait;
				LD_RUNPATH_SEARCH_PATHS = (
					"$(inherited)",
					"@executable_path/Frameworks",
				);
				MARKETING_VERSION = 1.0;
				PRODUCT_BUNDLE_IDENTIFIER = a4aman.uiTestify;
				PRODUCT_NAME = "$(TARGET_NAME)";
				SWIFT_EMIT_LOC_STRINGS = YES;
				SWIFT_VERSION = 5.0;
				TARGETED_DEVICE_FAMILY = "1,2";
			};
			name = Release;
		};
		070C7BF92DE1EBD300187B10 /* Debug */ = {
			isa = XCBuildConfiguration;
			buildSettings = {
				BUNDLE_LOADER = "$(TEST_HOST)";
				CODE_SIGN_STYLE = Automatic;
				CURRENT_PROJECT_VERSION = 1;
				DEVELOPMENT_TEAM = 6YK335L86V;
				GENERATE_INFOPLIST_FILE = YES;
				IPHONEOS_DEPLOYMENT_TARGET = 18.4;
				MARKETING_VERSION = 1.0;
				PRODUCT_BUNDLE_IDENTIFIER = a4aman.uiTestifyTests;
				PRODUCT_NAME = "$(TARGET_NAME)";
				SWIFT_EMIT_LOC_STRINGS = NO;
				SWIFT_VERSION = 5.0;
				TARGETED_DEVICE_FAMILY = "1,2";
				TEST_HOST = "$(BUILT_PRODUCTS_DIR)/uiTestify.app/$(BUNDLE_EXECUTABLE_FOLDER_PATH)/uiTestify";
			};
			name = Debug;
		};
		070C7BFA2DE1EBD300187B10 /* Release */ = {
			isa = XCBuildConfiguration;
			buildSettings = {
				BUNDLE_LOADER = "$(TEST_HOST)";
				CODE_SIGN_STYLE = Automatic;
				CURRENT_PROJECT_VERSION = 1;
				DEVELOPMENT_TEAM = 6YK335L86V;
				GENERATE_INFOPLIST_FILE = YES;
				IPHONEOS_DEPLOYMENT_TARGET = 18.4;
				MARKETING_VERSION = 1.0;
				PRODUCT_BUNDLE_IDENTIFIER = a4aman.uiTestifyTests;
				PRODUCT_NAME = "$(TARGET_NAME)";
				SWIFT_EMIT_LOC_STRINGS = NO;
				SWIFT_VERSION = 5.0;
				TARGETED_DEVICE_FAMILY = "1,2";
				TEST_HOST = "$(BUILT_PRODUCTS_DIR)/uiTestify.app/$(BUNDLE_EXECUTABLE_FOLDER_PATH)/uiTestify";
			};
			name = Release;
		};
		070C7BFC2DE1EBD300187B10 /* Debug */ = {
			isa = XCBuildConfiguration;
			buildSettings = {
				CLANG_ENABLE_MODULES = YES;
				CODE_SIGN_STYLE = Automatic;
				CURRENT_PROJECT_VERSION = 1;
				DEVELOPMENT_TEAM = 6YK335L86V;
				GENERATE_INFOPLIST_FILE = YES;
				MARKETING_VERSION = 1.0;
				PRODUCT_BUNDLE_IDENTIFIER = a4aman.uiTestifyUITests;
				PRODUCT_NAME = "$(TARGET_NAME)";
				SWIFT_EMIT_LOC_STRINGS = NO;
				SWIFT_OPTIMIZATION_LEVEL = "-Onone";
				SWIFT_VERSION = 5.0;
				TARGETED_DEVICE_FAMILY = "1,2";
				TEST_TARGET_NAME = uiTestify;
			};
			name = Debug;
		};
		070C7BFD2DE1EBD300187B10 /* Release */ = {
			isa = XCBuildConfiguration;
			buildSettings = {
				CLANG_ENABLE_MODULES = YES;
				CODE_SIGN_STYLE = Automatic;
				CURRENT_PROJECT_VERSION = 1;
				DEVELOPMENT_TEAM = 6YK335L86V;
				GENERATE_INFOPLIST_FILE = YES;
				MARKETING_VERSION = 1.0;
				PRODUCT_BUNDLE_IDENTIFIER = a4aman.uiTestifyUITests;
				PRODUCT_NAME = "$(TARGET_NAME)";
				SWIFT_EMIT_LOC_STRINGS = NO;
				SWIFT_VERSION = 5.0;
				TARGETED_DEVICE_FAMILY = "1,2";
				TEST_TARGET_NAME = uiTestify;
			};
			name = Release;
		};
/* End XCBuildConfiguration section */

/* Begin XCConfigurationList section */
		070C7BCF2DE1EBD100187B10 /* Build configuration list for PBXProject "uiTestify" */ = {
			isa = XCConfigurationList;
			buildConfigurations = (
				070C7BF32DE1EBD300187B10 /* Debug */,
				070C7BF42DE1EBD300187B10 /* Release */,
			);
			defaultConfigurationIsVisible = 0;
			defaultConfigurationName = Release;
		};
		070C7BF52DE1EBD300187B10 /* Build configuration list for PBXNativeTarget "uiTestify" */ = {
			isa = XCConfigurationList;
			buildConfigurations = (
				070C7BF62DE1EBD300187B10 /* Debug */,
				070C7BF72DE1EBD300187B10 /* Release */,
			);
			defaultConfigurationIsVisible = 0;
			defaultConfigurationName = Release;
		};
		070C7BF82DE1EBD300187B10 /* Build configuration list for PBXNativeTarget "uiTestifyTests" */ = {
			isa = XCConfigurationList;
			buildConfigurations = (
				070C7BF92DE1EBD300187B10 /* Debug */,
				070C7BFA2DE1EBD300187B10 /* Release */,
			);
			defaultConfigurationIsVisible = 0;
			defaultConfigurationName = Release;
		};
		070C7BFB2DE1EBD300187B10 /* Build configuration list for PBXNativeTarget "uiTestifyUITests" */ = {
			isa = XCConfigurationList;
			buildConfigurations = (
				070C7BFC2DE1EBD300187B10 /* Debug */,
				070C7BFD2DE1EBD300187B10 /* Release */,
			);
			defaultConfigurationIsVisible = 0;
			defaultConfigurationName = Release;
		};
/* End XCConfigurationList section */
	};
	rootObject = 070C7BCC2DE1EBD100187B10 /* Project object */;
}
